
Microsoft Visual Studio Solution File, Format Version 12.00
# Visual Studio Version 16
VisualStudioVersion = 16.0.30804.86
MinimumVisualStudioVersion = 10.0.40219.1
Project("{9A19103F-16F7-4668-BE54-9A1E7A4F7556}") = "ApiGatewayOcelot01", "ApiGatewayOcelot01.csproj", "{001EA063-6DBC-47D8-BF4A-A3ED03D2FAE9}"
EndProject
Project("{FAE04EC0-301F-11D3-BF4B-00C04F79EFBC}") = "OrdersApi", "..\OrdersApi\OrdersApi.csproj", "{21BB46F7-92C1-4283-B8C6-A9896DC06BED}"
EndProject
Project("{FAE04EC0-301F-11D3-BF4B-00C04F79EFBC}") = "ProductsApi", "..\ProductsApi\ProductsApi.csproj", "{482494CA-2210-432C-827D-83FBC92D4B37}"
EndProject
Project("{2150E333-8FDC-42A3-9474-1A3956D46DE8}") = "Solution Items", "Solution Items", "{9D6C2A69-A686-4BFF-B491-DA7B5CCC5B81}"
	ProjectSection(SolutionItems) = preProject
		.gitignore = .gitignore
	EndProjectSection
EndProject
Global
	GlobalSection(SolutionConfigurationPlatforms) = preSolution
		Debug|Any CPU = Debug|Any CPU
		Release|Any CPU = Release|Any CPU
	EndGlobalSection
	GlobalSection(ProjectConfigurationPlatforms) = postSolution
		{001EA063-6DBC-47D8-BF4A-A3ED03D2FAE9}.Debug|Any CPU.ActiveCfg = Debug|Any CPU
		{001EA063-6DBC-47D8-BF4A-A3ED03D2FAE9}.Debug|Any CPU.Build.0 = Debug|Any CPU
		{001EA063-6DBC-47D8-BF4A-A3ED03D2FAE9}.Release|Any CPU.ActiveCfg = Release|Any CPU
		{001EA063-6DBC-47D8-BF4A-A3ED03D2FAE9}.Release|Any CPU.Build.0 = Release|Any CPU
		{21BB46F7-92C1-4283-B8C6-A9896DC06BED}.Debug|Any CPU.ActiveCfg = Debug|Any CPU
		{21BB46F7-92C1-4283-B8C6-A9896DC06BED}.Debug|Any CPU.Build.0 = Debug|Any CPU
		{21BB46F7-92C1-4283-B8C6-A9896DC06BED}.Release|Any CPU.ActiveCfg = Release|Any CPU
		{21BB46F7-92C1-4283-B8C6-A9896DC06BED}.Release|Any CPU.Build.0 = Release|Any CPU
		{482494CA-2210-432C-827D-83FBC92D4B37}.Debug|Any CPU.ActiveCfg = Debug|Any CPU
		{482494CA-2210-432C-827D-83FBC92D4B37}.Debug|Any CPU.Build.0 = Debug|Any CPU
		{482494CA-2210-432C-827D-83FBC92D4B37}.Release|Any CPU.ActiveCfg = Release|Any CPU
		{482494CA-2210-432C-827D-83FBC92D4B37}.Release|Any CPU.Build.0 = Release|Any CPU
	EndGlobalSection
	GlobalSection(SolutionProperties) = preSolution
		HideSolutionNode = FALSE
	EndGlobalSection
	GlobalSection(ExtensibilityGlobals) = postSolution
		SolutionGuid = {8D08E2D3-E9AC-4E24-B79C-238F81C555F7}
	EndGlobalSection
EndGlobal
